
Microsoft Visual Studio Solution File, Format Version 12.00
# Visual Studio Version 17
VisualStudioVersion = 17.13.35919.96 d17.13
MinimumVisualStudioVersion = 10.0.40219.1
Project("{FAE04EC0-301F-11D3-BF4B-00C04F79EFBC}") = "Lab01", "Lab01\Lab01.csproj", "{B27E5EF3-1EC3-4A7D-AA33-C78D3B2E939D}"
EndProject
Global
	GlobalSection(SolutionConfigurationPlatforms) = preSolution
		Debug|Any CPU = Debug|Any CPU
		Release|Any CPU = Release|Any CPU
	EndGlobalSection
	GlobalSection(ProjectConfigurationPlatforms) = postSolution
		{B27E5EF3-1EC3-4A7D-AA33-C78D3B2E939D}.Debug|Any CPU.ActiveCfg = Debug|Any CPU
		{B27E5EF3-1EC3-4A7D-AA33-C78D3B2E939D}.Debug|Any CPU.Build.0 = Debug|Any CPU
		{B27E5EF3-1EC3-4A7D-AA33-C78D3B2E939D}.Release|Any CPU.ActiveCfg = Release|Any CPU
		{B27E5EF3-1EC3-4A7D-AA33-C78D3B2E939D}.Release|Any CPU.Build.0 = Release|Any CPU
	EndGlobalSection
	GlobalSection(SolutionProperties) = preSolution
		HideSolutionNode = FALSE
	EndGlobalSection
	GlobalSection(ExtensibilityGlobals) = postSolution
		SolutionGuid = {A2678564-6804-4B6F-B8AC-9691818E9BF4}
	EndGlobalSection
EndGlobal
