
Microsoft Visual Studio Solution File, Format Version 12.00
# Visual Studio Version 17
VisualStudioVersion = 17.13.35931.197
MinimumVisualStudioVersion = 10.0.40219.1
Project("{FAE04EC0-301F-11D3-BF4B-00C04F79EFBC}") = "Aplicacación1", "Aplicacación1\Aplicacación1.csproj", "{B85D2AA0-8EF2-418D-9D02-28176B47049F}"
EndProject
Project("{FAE04EC0-301F-11D3-BF4B-00C04F79EFBC}") = "Clases1", "Clases1\Clases1.csproj", "{40F39431-1E18-48F2-AEDB-06691004B2DC}"
EndProject
Global
	GlobalSection(SolutionConfigurationPlatforms) = preSolution
		Debug|Any CPU = Debug|Any CPU
		Release|Any CPU = Release|Any CPU
	EndGlobalSection
	GlobalSection(ProjectConfigurationPlatforms) = postSolution
		{B85D2AA0-8EF2-418D-9D02-28176B47049F}.Debug|Any CPU.ActiveCfg = Debug|Any CPU
		{B85D2AA0-8EF2-418D-9D02-28176B47049F}.Debug|Any CPU.Build.0 = Debug|Any CPU
		{B85D2AA0-8EF2-418D-9D02-28176B47049F}.Release|Any CPU.ActiveCfg = Release|Any CPU
		{B85D2AA0-8EF2-418D-9D02-28176B47049F}.Release|Any CPU.Build.0 = Release|Any CPU
		{40F39431-1E18-48F2-AEDB-06691004B2DC}.Debug|Any CPU.ActiveCfg = Debug|Any CPU
		{40F39431-1E18-48F2-AEDB-06691004B2DC}.Debug|Any CPU.Build.0 = Debug|Any CPU
		{40F39431-1E18-48F2-AEDB-06691004B2DC}.Release|Any CPU.ActiveCfg = Release|Any CPU
		{40F39431-1E18-48F2-AEDB-06691004B2DC}.Release|Any CPU.Build.0 = Release|Any CPU
	EndGlobalSection
	GlobalSection(SolutionProperties) = preSolution
		HideSolutionNode = FALSE
	EndGlobalSection
	GlobalSection(ExtensibilityGlobals) = postSolution
		SolutionGuid = {4E121241-72C0-430E-8E63-FBC529AD92A1}
	EndGlobalSection
EndGlobal
