
Microsoft Visual Studio Solution File, Format Version 12.00
# Visual Studio Version 17
VisualStudioVersion = 17.13.35931.197 d17.13
MinimumVisualStudioVersion = 10.0.40219.1
Project("{FAE04EC0-301F-11D3-BF4B-00C04F79EFBC}") = "LabClases1", "LabClases1\LabClases1.csproj", "{C995FE29-0EB0-403A-B073-F7FB83CF3A96}"
EndProject
Project("{FAE04EC0-301F-11D3-BF4B-00C04F79EFBC}") = "Clases", "Clases\Clases.csproj", "{452E344A-08CD-47F0-8B8F-49CCFA20A812}"
EndProject
Global
	GlobalSection(SolutionConfigurationPlatforms) = preSolution
		Debug|Any CPU = Debug|Any CPU
		Release|Any CPU = Release|Any CPU
	EndGlobalSection
	GlobalSection(ProjectConfigurationPlatforms) = postSolution
		{C995FE29-0EB0-403A-B073-F7FB83CF3A96}.Debug|Any CPU.ActiveCfg = Debug|Any CPU
		{C995FE29-0EB0-403A-B073-F7FB83CF3A96}.Debug|Any CPU.Build.0 = Debug|Any CPU
		{C995FE29-0EB0-403A-B073-F7FB83CF3A96}.Release|Any CPU.ActiveCfg = Release|Any CPU
		{C995FE29-0EB0-403A-B073-F7FB83CF3A96}.Release|Any CPU.Build.0 = Release|Any CPU
		{452E344A-08CD-47F0-8B8F-49CCFA20A812}.Debug|Any CPU.ActiveCfg = Debug|Any CPU
		{452E344A-08CD-47F0-8B8F-49CCFA20A812}.Debug|Any CPU.Build.0 = Debug|Any CPU
		{452E344A-08CD-47F0-8B8F-49CCFA20A812}.Release|Any CPU.ActiveCfg = Release|Any CPU
		{452E344A-08CD-47F0-8B8F-49CCFA20A812}.Release|Any CPU.Build.0 = Release|Any CPU
	EndGlobalSection
	GlobalSection(SolutionProperties) = preSolution
		HideSolutionNode = FALSE
	EndGlobalSection
	GlobalSection(ExtensibilityGlobals) = postSolution
		SolutionGuid = {54108652-C63E-4222-BE70-17924B491F5F}
	EndGlobalSection
EndGlobal
